// !$*UTF8*$!
{
	archiveVersion = 1;
	classes = {
	};
	objectVersion = 56;
	objects = {

/* Begin PBXBuildFile section */
		A1B2C3D40000000100000001 /* SERLyricApp.swift in Sources */ = {isa = PBXBuildFile; fileRef = A1B2C3D50000000100000001 /* SERLyricApp.swift */; };
		A1B2C3D40000000200000001 /* LyricsView.swift in Sources */ = {isa = PBXBuildFile; fileRef = A1B2C3D50000000200000001 /* LyricsView.swift */; };
		A1B2C3D40000000300000001 /* LyricsViewModel.swift in Sources */ = {isa = PBXBuildFile; fileRef = A1B2C3D50000000300000001 /* LyricsViewModel.swift */; };
		A1B2C3D40000000400000001 /* LRCParser.swift in Sources */ = {isa = PBXBuildFile; fileRef = A1B2C3D50000000400000001 /* LRCParser.swift */; };
		A1B2C3D40000000500000001 /* LRCLibService.swift in Sources */ = {isa = PBXBuildFile; fileRef = A1B2C3D50000000500000001 /* LRCLibService.swift */; };
		A1B2C3D40000000600000001 /* Models.swift in Sources */ = {isa = PBXBuildFile; fileRef = A1B2C3D50000000600000001 /* Models.swift */; };
		A1B2C3D40000000700000001 /* NowPlayingService.swift in Sources */ = {isa = PBXBuildFile; fileRef = A1B2C3D50000000700000001 /* NowPlayingService.swift */; };
		A1B2C3D40000000800000001 /* Assets.xcassets in Resources */ = {isa = PBXBuildFile; fileRef = A1B2C3D50000000A00000001 /* Assets.xcassets */; };
/* End PBXBuildFile section */

/* Begin PBXFileReference section */
		A1B2C3D50000000100000001 /* SERLyricApp.swift */ = {isa = PBXFileReference; lastKnownFileType = sourcecode.swift; path = SERLyricApp.swift; sourceTree = "<group>"; };
		A1B2C3D50000000200000001 /* LyricsView.swift */ = {isa = PBXFileReference; lastKnownFileType = sourcecode.swift; path = LyricsView.swift; sourceTree = "<group>"; };
		A1B2C3D50000000300000001 /* LyricsViewModel.swift */ = {isa = PBXFileReference; lastKnownFileType = sourcecode.swift; path = LyricsViewModel.swift; sourceTree = "<group>"; };
		A1B2C3D50000000400000001 /* LRCParser.swift */ = {isa = PBXFileReference; lastKnownFileType = sourcecode.swift; path = LRCParser.swift; sourceTree = "<group>"; };
		A1B2C3D50000000500000001 /* LRCLibService.swift */ = {isa = PBXFileReference; lastKnownFileType = sourcecode.swift; path = LRCLibService.swift; sourceTree = "<group>"; };
		A1B2C3D50000000600000001 /* Models.swift */ = {isa = PBXFileReference; lastKnownFileType = sourcecode.swift; path = Models.swift; sourceTree = "<group>"; };
		A1B2C3D50000000700000001 /* NowPlayingService.swift */ = {isa = PBXFileReference; lastKnownFileType = sourcecode.swift; path = NowPlayingService.swift; sourceTree = "<group>"; };
		A1B2C3D50000000800000001 /* Info.plist */ = {isa = PBXFileReference; lastKnownFileType = text.plist.xml; path = AppConfig/Info.plist; sourceTree = SOURCE_ROOT; };
		A1B2C3D50000000900000001 /* SERLyric.app */ = {isa = PBXFileReference; explicitFileType = wrapper.application; includeInIndex = 0; path = SERLyric.app; sourceTree = BUILT_PRODUCTS_DIR; };
		A1B2C3D50000000A00000001 /* Assets.xcassets */ = {isa = PBXFileReference; lastKnownFileType = folder.assetcatalog; path = Assets.xcassets; sourceTree = "<group>"; };
/* End PBXFileReference section */

/* Begin PBXFrameworksBuildPhase section */
		A1B2C3D60000000100000001 /* Frameworks */ = {
			isa = PBXFrameworksBuildPhase;
			buildActionMask = 2147483647;
			files = (
			);
			runOnlyForDeploymentPostprocessing = 0;
		};
/* End PBXFrameworksBuildPhase section */

/* Begin PBXGroup section */
		A1B2C3D70000000100000001 = {
			isa = PBXGroup;
			children = (
				A1B2C3D70000000200000001 /* SERLyric */,
				A1B2C3D70000000300000001 /* Products */,
			);
			sourceTree = "<group>";
		};
		A1B2C3D70000000200000001 /* SERLyric */ = {
			isa = PBXGroup;
			children = (
				A1B2C3D50000000100000001 /* SERLyricApp.swift */,
				A1B2C3D50000000200000001 /* LyricsView.swift */,
				A1B2C3D50000000300000001 /* LyricsViewModel.swift */,
				A1B2C3D50000000400000001 /* LRCParser.swift */,
				A1B2C3D50000000500000001 /* LRCLibService.swift */,
				A1B2C3D50000000600000001 /* Models.swift */,
				A1B2C3D50000000700000001 /* NowPlayingService.swift */,
				A1B2C3D50000000A00000001 /* Assets.xcassets */,
				A1B2C3D70000000400000001 /* AppConfig */,
			);
			name = SERLyric;
			sourceTree = "<group>";
		};
		A1B2C3D70000000300000001 /* Products */ = {
			isa = PBXGroup;
			children = (
				A1B2C3D50000000900000001 /* SERLyric.app */,
			);
			name = Products;
			sourceTree = "<group>";
		};
		A1B2C3D70000000400000001 /* AppConfig */ = {
			isa = PBXGroup;
			children = (
				A1B2C3D50000000800000001 /* Info.plist */,
			);
			path = AppConfig;
			sourceTree = "<group>";
		};
/* End PBXGroup section */

/* Begin PBXNativeTarget section */
		A1B2C3D80000000100000001 /* SERLyric */ = {
			isa = PBXNativeTarget;
			buildConfigurationList = A1B2C3DB0000000100000001 /* Build configuration list for PBXNativeTarget "SERLyric" */;
			buildPhases = (
				A1B2C3D90000000100000001 /* Sources */,
				A1B2C3D60000000100000001 /* Frameworks */,
				A1B2C3DA0000000100000001 /* Resources */,
			);
			buildRules = (
			);
			dependencies = (
			);
			name = SERLyric;
			productName = SERLyric;
			productReference = A1B2C3D50000000900000001 /* SERLyric.app */;
			productType = "com.apple.product-type.application";
		};
/* End PBXNativeTarget section */

/* Begin PBXProject section */
		A1B2C3DC0000000100000001 /* Project object */ = {
			isa = PBXProject;
			attributes = {
				BuildIndependentTargetsInParallel = 1;
				LastSwiftUpdateCheck = 1600;
				LastUpgradeCheck = 1600;
				TargetAttributes = {
					A1B2C3D80000000100000001 = {
						CreatedOnToolsVersion = 16.0;
					};
				};
			};
			buildConfigurationList = A1B2C3DD0000000100000001 /* Build configuration list for PBXProject "SERLyric" */;
			compatibilityVersion = "Xcode 14.0";
			developmentRegion = en;
			hasScannedForEncodings = 0;
			knownRegions = (
				en,
				Base,
			);
			mainGroup = A1B2C3D70000000100000001;
			productRefGroup = A1B2C3D70000000300000001 /* Products */;
			projectDirPath = "";
			projectRoot = "";
			targets = (
				A1B2C3D80000000100000001 /* SERLyric */,
			);
		};
/* End PBXProject section */

/* Begin PBXResourcesBuildPhase section */
		A1B2C3DA0000000100000001 /* Resources */ = {
			isa = PBXResourcesBuildPhase;
			buildActionMask = 2147483647;
			files = (
				A1B2C3D40000000800000001 /* Assets.xcassets in Resources */,
			);
			runOnlyForDeploymentPostprocessing = 0;
		};
/* End PBXResourcesBuildPhase section */

/* Begin PBXSourcesBuildPhase section */
		A1B2C3D90000000100000001 /* Sources */ = {
			isa = PBXSourcesBuildPhase;
			buildActionMask = 2147483647;
			files = (
				A1B2C3D40000000100000001 /* SERLyricApp.swift in Sources */,
				A1B2C3D40000000200000001 /* LyricsView.swift in Sources */,
				A1B2C3D40000000300000001 /* LyricsViewModel.swift in Sources */,
				A1B2C3D40000000400000001 /* LRCParser.swift in Sources */,
				A1B2C3D40000000500000001 /* LRCLibService.swift in Sources */,
				A1B2C3D40000000600000001 /* Models.swift in Sources */,
				A1B2C3D40000000700000001 /* NowPlayingService.swift in Sources */,
			);
			runOnlyForDeploymentPostprocessing = 0;
		};
/* End PBXSourcesBuildPhase section */

/* Begin XCBuildConfiguration section */
		A1B2C3DE0000000100000001 /* Debug */ = {
			isa = XCBuildConfiguration;
			buildSettings = {
				ALWAYS_SEARCH_USER_PATHS = NO;
				CLANG_ANALYZER_NONNULL = YES;
				CLANG_ANALYZER_NUMBER_OBJECT_CONVERSION = YES_AGGRESSIVE;
				CLANG_CXX_LANGUAGE_STANDARD = "gnu++20";
				CLANG_ENABLE_MODULES = YES;
				CLANG_ENABLE_OBJC_ARC = YES;
				CLANG_ENABLE_OBJC_WEAK = YES;
				CLANG_WARN_BLOCK_CAPTURE_AUTORELEASING = YES;
				CLANG_WARN_BOOL_CONVERSION = YES;
				CLANG_WARN_COMMA = YES;
				CLANG_WARN_CONSTANT_CONVERSION = YES;
				CLANG_WARN_DEPRECATED_OBJC_IMPLEMENTATIONS = YES;
				CLANG_WARN_DIRECT_OBJC_ISA_USAGE = YES_ERROR;
				CLANG_WARN_DOCUMENTATION_COMMENTS = YES;
				CLANG_WARN_EMPTY_BODY = YES;
				CLANG_WARN_ENUM_CONVERSION = YES;
				CLANG_WARN_INFINITE_RECURSION = YES;
				CLANG_WARN_INT_CONVERSION = YES;
				CLANG_WARN_NON_LITERAL_NULL_CONVERSION = YES;
				CLANG_WARN_OBJC_IMPLICIT_RETAIN_SELF = YES;
				CLANG_WARN_OBJC_LITERAL_CONVERSION = YES;
				CLANG_WARN_OBJC_ROOT_CLASS = YES_ERROR;
				CLANG_WARN_QUOTED_INCLUDE_IN_FRAMEWORK_HEADER = YES;
				CLANG_WARN_RANGE_LOOP_ANALYSIS = YES;
				CLANG_WARN_STRICT_PROTOTYPES = YES;
				CLANG_WARN_SUSPICIOUS_MOVE = YES;
				CLANG_WARN_UNGUARDED_AVAILABILITY = YES_AGGRESSIVE;
				CLANG_WARN_UNREACHABLE_CODE = YES;
				COPY_PHASE_STRIP = NO;
				DEBUG_INFORMATION_FORMAT = dwarf;
				ENABLE_STRICT_OBJC_MSGSEND = YES;
				ENABLE_TESTABILITY = YES;
				GCC_C_LANGUAGE_STANDARD = gnu17;
				GCC_DYNAMIC_NO_PIC = NO;
				GCC_NO_COMMON_BLOCKS = YES;
				GCC_OPTIMIZATION_LEVEL = 0;
				GCC_PREPROCESSOR_DEFINITIONS = (
					"DEBUG=1",
					"$(inherited)",
				);
				GCC_WARN_64_TO_32_BIT_CONVERSION = YES;
				GCC_WARN_ABOUT_RETURN_TYPE = YES_ERROR;
				GCC_WARN_UNDECLARED_SELECTOR = YES;
				GCC_WARN_UNINITIALIZED_AUTOS = YES_AGGRESSIVE;
				GCC_WARN_UNUSED_FUNCTION = YES;
				GCC_WARN_UNUSED_VARIABLE = YES;
				IPHONEOS_DEPLOYMENT_TARGET = 16.0;
				MTL_ENABLE_DEBUG_INFO = INCLUDE_SOURCE;
				MTL_FAST_MATH = YES;
				ONLY_ACTIVE_ARCH = YES;
				SDKROOT = iphoneos;
				SWIFT_ACTIVE_COMPILATION_CONDITIONS = DEBUG;
				SWIFT_OPTIMIZATION_LEVEL = "-Onone";
			};
			name = Debug;
		};
		A1B2C3DE0000000200000001 /* Release */ = {
			isa = XCBuildConfiguration;
			buildSettings = {
				ALWAYS_SEARCH_USER_PATHS = NO;
				CLANG_ANALYZER_NONNULL = YES;
				CLANG_ANALYZER_NUMBER_OBJECT_CONVERSION = YES_AGGRESSIVE;
				CLANG_CXX_LANGUAGE_STANDARD = "gnu++20";
				CLANG_ENABLE_MODULES = YES;
				CLANG_ENABLE_OBJC_ARC = YES;
				CLANG_ENABLE_OBJC_WEAK = YES;
				CLANG_WARN_BLOCK_CAPTURE_AUTORELEASING = YES;
				CLANG_WARN_BOOL_CONVERSION = YES;
				CLANG_WARN_COMMA = YES;
				CLANG_WARN_CONSTANT_CONVERSION = YES;
				CLANG_WARN_DEPRECATED_OBJC_IMPLEMENTATIONS = YES;
				CLANG_WARN_DIRECT_OBJC_ISA_USAGE = YES_ERROR;
				CLANG_WARN_DOCUMENTATION_COMMENTS = YES;
				CLANG_WARN_EMPTY_BODY = YES;
				CLANG_WARN_ENUM_CONVERSION = YES;
				CLANG_WARN_INFINITE_RECURSION = YES;
				CLANG_WARN_INT_CONVERSION = YES;
				CLANG_WARN_NON_LITERAL_NULL_CONVERSION = YES;
				CLANG_WARN_OBJC_IMPLICIT_RETAIN_SELF = YES;
				CLANG_WARN_OBJC_LITERAL_CONVERSION = YES;
				CLANG_WARN_OBJC_ROOT_CLASS = YES_ERROR;
				CLANG_WARN_QUOTED_INCLUDE_IN_FRAMEWORK_HEADER = YES;
				CLANG_WARN_RANGE_LOOP_ANALYSIS = YES;
				CLANG_WARN_STRICT_PROTOTYPES = YES;
				CLANG_WARN_SUSPICIOUS_MOVE = YES;
				CLANG_WARN_UNGUARDED_AVAILABILITY = YES_AGGRESSIVE;
				CLANG_WARN_UNREACHABLE_CODE = YES;
				COPY_PHASE_STRIP = NO;
				DEBUG_INFORMATION_FORMAT = "dwarf-with-dsym";
				ENABLE_NS_ASSERTIONS = NO;
				ENABLE_STRICT_OBJC_MSGSEND = YES;
				GCC_C_LANGUAGE_STANDARD = gnu17;
				GCC_NO_COMMON_BLOCKS = YES;
				GCC_WARN_64_TO_32_BIT_CONVERSION = YES;
				GCC_WARN_ABOUT_RETURN_TYPE = YES_ERROR;
				GCC_WARN_UNDECLARED_SELECTOR = YES;
				GCC_WARN_UNINITIALIZED_AUTOS = YES_AGGRESSIVE;
				GCC_WARN_UNUSED_FUNCTION = YES;
				GCC_WARN_UNUSED_VARIABLE = YES;
				IPHONEOS_DEPLOYMENT_TARGET = 16.0;
				MTL_ENABLE_DEBUG_INFO = NO;
				MTL_FAST_MATH = YES;
				SDKROOT = iphoneos;
				SWIFT_COMPILATION_MODE = wholemodule;
				VALIDATE_PRODUCT = YES;
			};
			name = Release;
		};
		A1B2C3DF0000000100000001 /* Debug */ = {
			isa = XCBuildConfiguration;
			buildSettings = {
				ASSETCATALOG_COMPILER_APPICON_NAME = AppIcon;
				ASSETCATALOG_COMPILER_GENERATE_SWIFT_ASSET_SYMBOL_EXTENSIONS = YES;
				CODE_SIGN_STYLE = Automatic;
				CURRENT_PROJECT_VERSION = 1;
				DEVELOPMENT_ASSET_PATHS = "\"\"";
				ENABLE_PREVIEWS = YES;
				GENERATE_INFOPLIST_FILE = NO;
				INFOPLIST_FILE = AppConfig/Info.plist;
				INFOPLIST_KEY_UIApplicationSupportsIndirectInputEvents = YES;
				IPHONEOS_DEPLOYMENT_TARGET = 16.0;
				LD_RUNPATH_SEARCH_PATHS = (
					"$(inherited)",
					"@executable_path/Frameworks",
				);
				MARKETING_VERSION = 1.0;
				PRODUCT_BUNDLE_IDENTIFIER = com.serlyric.app;
				PRODUCT_NAME = "$(TARGET_NAME)";
				SUPPORTED_PLATFORMS = "iphoneos iphonesimulator";
				SWIFT_EMIT_LOC_STRINGS = YES;
				SWIFT_VERSION = 5.0;
				TARGETED_DEVICE_FAMILY = "1,2";
			};
			name = Debug;
		};
		A1B2C3DF0000000200000001 /* Release */ = {
			isa = XCBuildConfiguration;
			buildSettings = {
				ASSETCATALOG_COMPILER_APPICON_NAME = AppIcon;
				ASSETCATALOG_COMPILER_GENERATE_SWIFT_ASSET_SYMBOL_EXTENSIONS = YES;
				CODE_SIGN_STYLE = Automatic;
				CURRENT_PROJECT_VERSION = 1;
				DEVELOPMENT_ASSET_PATHS = "\"\"";
				ENABLE_PREVIEWS = YES;
				GENERATE_INFOPLIST_FILE = NO;
				INFOPLIST_FILE = AppConfig/Info.plist;
				INFOPLIST_KEY_UIApplicationSupportsIndirectInputEvents = YES;
				IPHONEOS_DEPLOYMENT_TARGET = 16.0;
				LD_RUNPATH_SEARCH_PATHS = (
					"$(inherited)",
					"@executable_path/Frameworks",
				);
				MARKETING_VERSION = 1.0;
				PRODUCT_BUNDLE_IDENTIFIER = com.serlyric.app;
				PRODUCT_NAME = "$(TARGET_NAME)";
				SUPPORTED_PLATFORMS = "iphoneos iphonesimulator";
				SWIFT_EMIT_LOC_STRINGS = YES;
				SWIFT_VERSION = 5.0;
				TARGETED_DEVICE_FAMILY = "1,2";
			};
			name = Release;
		};
/* End XCBuildConfiguration section */

/* Begin XCConfigurationList section */
		A1B2C3DB0000000100000001 /* Build configuration list for PBXNativeTarget "SERLyric" */ = {
			isa = XCConfigurationList;
			buildConfigurations = (
				A1B2C3DF0000000100000001 /* Debug */,
				A1B2C3DF0000000200000001 /* Release */,
			);
			defaultConfigurationIsVisible = 0;
			defaultConfigurationName = Release;
		};
		A1B2C3DD0000000100000001 /* Build configuration list for PBXProject "SERLyric" */ = {
			isa = XCConfigurationList;
			buildConfigurations = (
				A1B2C3DE0000000100000001 /* Debug */,
				A1B2C3DE0000000200000001 /* Release */,
			);
			defaultConfigurationIsVisible = 0;
			defaultConfigurationName = Release;
		};
/* End XCConfigurationList section */
	};
	rootObject = A1B2C3DC0000000100000001 /* Project object */;
}
